// !$*UTF8*$!
{
	archiveVersion = 1;
	classes = {
	};
	objectVersion = 50;
	objects = {

/* Begin PBXBuildFile section */
		B9060C682104C4B800C20BC7 /* AppDelegate.swift in Sources */ = {isa = PBXBuildFile; fileRef = B9060C672104C4B800C20BC7 /* AppDelegate.swift */; };
		B9060C6A2104C4B800C20BC7 /* ViewController.swift in Sources */ = {isa = PBXBuildFile; fileRef = B9060C692104C4B800C20BC7 /* ViewController.swift */; };
		B9060C6D2104C4B800C20BC7 /* Main.storyboard in Resources */ = {isa = PBXBuildFile; fileRef = B9060C6B2104C4B800C20BC7 /* Main.storyboard */; };
		B9060C6F2104C4B900C20BC7 /* Assets.xcassets in Resources */ = {isa = PBXBuildFile; fileRef = B9060C6E2104C4B900C20BC7 /* Assets.xcassets */; };
		B9060C722104C4B900C20BC7 /* LaunchScreen.storyboard in Resources */ = {isa = PBXBuildFile; fileRef = B9060C702104C4B900C20BC7 /* LaunchScreen.storyboard */; };
		B9060C7B2104C4F000C20BC7 /* KRNRequestManager.swift in Sources */ = {isa = PBXBuildFile; fileRef = B9060C792104C4F000C20BC7 /* KRNRequestManager.swift */; };
		B9060C7C2104C4F000C20BC7 /* NetworkError.swift in Sources */ = {isa = PBXBuildFile; fileRef = B9060C7A2104C4F000C20BC7 /* NetworkError.swift */; };
		B9060C7E2104C61600C20BC7 /* KRNResponseParser.swift in Sources */ = {isa = PBXBuildFile; fileRef = B9060C7D2104C61600C20BC7 /* KRNResponseParser.swift */; };
		B97AB8F22246B1F500E0887D /* JSONConvertible.swift in Sources */ = {isa = PBXBuildFile; fileRef = B97AB8F12246B1F500E0887D /* JSONConvertible.swift */; };
/* End PBXBuildFile section */

/* Begin PBXFileReference section */
		B9060C642104C4B800C20BC7 /* KRNRequestManagerExample.app */ = {isa = PBXFileReference; explicitFileType = wrapper.application; includeInIndex = 0; path = KRNRequestManagerExample.app; sourceTree = BUILT_PRODUCTS_DIR; };
		B9060C672104C4B800C20BC7 /* AppDelegate.swift */ = {isa = PBXFileReference; lastKnownFileType = sourcecode.swift; path = AppDelegate.swift; sourceTree = "<group>"; };
		B9060C692104C4B800C20BC7 /* ViewController.swift */ = {isa = PBXFileReference; lastKnownFileType = sourcecode.swift; path = ViewController.swift; sourceTree = "<group>"; };
		B9060C6C2104C4B800C20BC7 /* Base */ = {isa = PBXFileReference; lastKnownFileType = file.storyboard; name = Base; path = Base.lproj/Main.storyboard; sourceTree = "<group>"; };
		B9060C6E2104C4B900C20BC7 /* Assets.xcassets */ = {isa = PBXFileReference; lastKnownFileType = folder.assetcatalog; path = Assets.xcassets; sourceTree = "<group>"; };
		B9060C712104C4B900C20BC7 /* Base */ = {isa = PBXFileReference; lastKnownFileType = file.storyboard; name = Base; path = Base.lproj/LaunchScreen.storyboard; sourceTree = "<group>"; };
		B9060C732104C4B900C20BC7 /* Info.plist */ = {isa = PBXFileReference; lastKnownFileType = text.plist.xml; path = Info.plist; sourceTree = "<group>"; };
		B9060C792104C4F000C20BC7 /* KRNRequestManager.swift */ = {isa = PBXFileReference; fileEncoding = 4; lastKnownFileType = sourcecode.swift; name = KRNRequestManager.swift; path = ../../Source/KRNRequestManager.swift; sourceTree = "<group>"; };
		B9060C7A2104C4F000C20BC7 /* NetworkError.swift */ = {isa = PBXFileReference; fileEncoding = 4; lastKnownFileType = sourcecode.swift; name = NetworkError.swift; path = ../../Source/NetworkError.swift; sourceTree = "<group>"; };
		B9060C7D2104C61600C20BC7 /* KRNResponseParser.swift */ = {isa = PBXFileReference; lastKnownFileType = sourcecode.swift; name = KRNResponseParser.swift; path = ../../Source/KRNResponseParser.swift; sourceTree = "<group>"; };
		B97AB8F12246B1F500E0887D /* JSONConvertible.swift */ = {isa = PBXFileReference; lastKnownFileType = sourcecode.swift; name = JSONConvertible.swift; path = ../../Source/JSONConvertible.swift; sourceTree = "<group>"; };
/* End PBXFileReference section */

/* Begin PBXFrameworksBuildPhase section */
		B9060C612104C4B800C20BC7 /* Frameworks */ = {
			isa = PBXFrameworksBuildPhase;
			buildActionMask = 2147483647;
			files = (
			);
			runOnlyForDeploymentPostprocessing = 0;
		};
/* End PBXFrameworksBuildPhase section */

/* Begin PBXGroup section */
		B9060C5B2104C4B800C20BC7 = {
			isa = PBXGroup;
			children = (
				B9060C662104C4B800C20BC7 /* KRNRequestManagerExample */,
				B9060C652104C4B800C20BC7 /* Products */,
			);
			sourceTree = "<group>";
		};
		B9060C652104C4B800C20BC7 /* Products */ = {
			isa = PBXGroup;
			children = (
				B9060C642104C4B800C20BC7 /* KRNRequestManagerExample.app */,
			);
			name = Products;
			sourceTree = "<group>";
		};
		B9060C662104C4B800C20BC7 /* KRNRequestManagerExample */ = {
			isa = PBXGroup;
			children = (
				B9060C812104C8D800C20BC7 /* KRNRequestManager */,
				B9060C672104C4B800C20BC7 /* AppDelegate.swift */,
				B9060C692104C4B800C20BC7 /* ViewController.swift */,
				B9060C6B2104C4B800C20BC7 /* Main.storyboard */,
				B9060C6E2104C4B900C20BC7 /* Assets.xcassets */,
				B9060C702104C4B900C20BC7 /* LaunchScreen.storyboard */,
				B9060C732104C4B900C20BC7 /* Info.plist */,
			);
			path = KRNRequestManagerExample;
			sourceTree = "<group>";
		};
		B9060C812104C8D800C20BC7 /* KRNRequestManager */ = {
			isa = PBXGroup;
			children = (
				B9060C792104C4F000C20BC7 /* KRNRequestManager.swift */,
				B9060C7A2104C4F000C20BC7 /* NetworkError.swift */,
				B9060C7D2104C61600C20BC7 /* KRNResponseParser.swift */,
				B97AB8F12246B1F500E0887D /* JSONConvertible.swift */,
			);
			name = KRNRequestManager;
			sourceTree = "<group>";
		};
/* End PBXGroup section */

/* Begin PBXNativeTarget section */
		B9060C632104C4B800C20BC7 /* KRNRequestManagerExample */ = {
			isa = PBXNativeTarget;
			buildConfigurationList = B9060C762104C4B900C20BC7 /* Build configuration list for PBXNativeTarget "KRNRequestManagerExample" */;
			buildPhases = (
				B9060C602104C4B800C20BC7 /* Sources */,
				B9060C612104C4B800C20BC7 /* Frameworks */,
				B9060C622104C4B800C20BC7 /* Resources */,
			);
			buildRules = (
			);
			dependencies = (
			);
			name = KRNRequestManagerExample;
			productName = KRNRequestManagerExample;
			productReference = B9060C642104C4B800C20BC7 /* KRNRequestManagerExample.app */;
			productType = "com.apple.product-type.application";
		};
/* End PBXNativeTarget section */

/* Begin PBXProject section */
		B9060C5C2104C4B800C20BC7 /* Project object */ = {
			isa = PBXProject;
			attributes = {
				LastSwiftUpdateCheck = 0940;
				LastUpgradeCheck = 0940;
				ORGANIZATIONNAME = "Julian Drapaylo";
				TargetAttributes = {
					B9060C632104C4B800C20BC7 = {
						CreatedOnToolsVersion = 9.4.1;
						LastSwiftMigration = 1010;
					};
				};
			};
			buildConfigurationList = B9060C5F2104C4B800C20BC7 /* Build configuration list for PBXProject "KRNRequestManagerExample" */;
			compatibilityVersion = "Xcode 9.3";
			developmentRegion = en;
			hasScannedForEncodings = 0;
			knownRegions = (
				en,
				Base,
			);
			mainGroup = B9060C5B2104C4B800C20BC7;
			productRefGroup = B9060C652104C4B800C20BC7 /* Products */;
			projectDirPath = "";
			projectRoot = "";
			targets = (
				B9060C632104C4B800C20BC7 /* KRNRequestManagerExample */,
			);
		};
/* End PBXProject section */

/* Begin PBXResourcesBuildPhase section */
		B9060C622104C4B800C20BC7 /* Resources */ = {
			isa = PBXResourcesBuildPhase;
			buildActionMask = 2147483647;
			files = (
				B9060C722104C4B900C20BC7 /* LaunchScreen.storyboard in Resources */,
				B9060C6F2104C4B900C20BC7 /* Assets.xcassets in Resources */,
				B9060C6D2104C4B800C20BC7 /* Main.storyboard in Resources */,
			);
			runOnlyForDeploymentPostprocessing = 0;
		};
/* End PBXResourcesBuildPhase section */

/* Begin PBXSourcesBuildPhase section */
		B9060C602104C4B800C20BC7 /* Sources */ = {
			isa = PBXSourcesBuildPhase;
			buildActionMask = 2147483647;
			files = (
				B9060C7B2104C4F000C20BC7 /* KRNRequestManager.swift in Sources */,
				B97AB8F22246B1F500E0887D /* JSONConvertible.swift in Sources */,
				B9060C7C2104C4F000C20BC7 /* NetworkError.swift in Sources */,
				B9060C6A2104C4B800C20BC7 /* ViewController.swift in Sources */,
				B9060C7E2104C61600C20BC7 /* KRNResponseParser.swift in Sources */,
				B9060C682104C4B800C20BC7 /* AppDelegate.swift in Sources */,
			);
			runOnlyForDeploymentPostprocessing = 0;
		};
/* End PBXSourcesBuildPhase section */

/* Begin PBXVariantGroup section */
		B9060C6B2104C4B800C20BC7 /* Main.storyboard */ = {
			isa = PBXVariantGroup;
			children = (
				B9060C6C2104C4B800C20BC7 /* Base */,
			);
			name = Main.storyboard;
			sourceTree = "<group>";
		};
		B9060C702104C4B900C20BC7 /* LaunchScreen.storyboard */ = {
			isa = PBXVariantGroup;
			children = (
				B9060C712104C4B900C20BC7 /* Base */,
			);
			name = LaunchScreen.storyboard;
			sourceTree = "<group>";
		};
/* End PBXVariantGroup section */

/* Begin XCBuildConfiguration section */
		B9060C742104C4B900C20BC7 /* Debug */ = {
			isa = XCBuildConfiguration;
			buildSettings = {
				ALWAYS_SEARCH_USER_PATHS = NO;
				CLANG_ANALYZER_NONNULL = YES;
				CLANG_ANALYZER_NUMBER_OBJECT_CONVERSION = YES_AGGRESSIVE;
				CLANG_CXX_LANGUAGE_STANDARD = "gnu++14";
				CLANG_CXX_LIBRARY = "libc++";
				CLANG_ENABLE_MODULES = YES;
				CLANG_ENABLE_OBJC_ARC = YES;
				CLANG_ENABLE_OBJC_WEAK = YES;
				CLANG_WARN_BLOCK_CAPTURE_AUTORELEASING = YES;
				CLANG_WARN_BOOL_CONVERSION = YES;
				CLANG_WARN_COMMA = YES;
				CLANG_WARN_CONSTANT_CONVERSION = YES;
				CLANG_WARN_DEPRECATED_OBJC_IMPLEMENTATIONS = YES;
				CLANG_WARN_DIRECT_OBJC_ISA_USAGE = YES_ERROR;
				CLANG_WARN_DOCUMENTATION_COMMENTS = YES;
				CLANG_WARN_EMPTY_BODY = YES;
				CLANG_WARN_ENUM_CONVERSION = YES;
				CLANG_WARN_INFINITE_RECURSION = YES;
				CLANG_WARN_INT_CONVERSION = YES;
				CLANG_WARN_NON_LITERAL_NULL_CONVERSION = YES;
				CLANG_WARN_OBJC_IMPLICIT_RETAIN_SELF = YES;
				CLANG_WARN_OBJC_LITERAL_CONVERSION = YES;
				CLANG_WARN_OBJC_ROOT_CLASS = YES_ERROR;
				CLANG_WARN_RANGE_LOOP_ANALYSIS = YES;
				CLANG_WARN_STRICT_PROTOTYPES = YES;
				CLANG_WARN_SUSPICIOUS_MOVE = YES;
				CLANG_WARN_UNGUARDED_AVAILABILITY = YES_AGGRESSIVE;
				CLANG_WARN_UNREACHABLE_CODE = YES;
				CLANG_WARN__DUPLICATE_METHOD_MATCH = YES;
				CODE_SIGN_IDENTITY = "iPhone Developer";
				COPY_PHASE_STRIP = NO;
				DEBUG_INFORMATION_FORMAT = dwarf;
				ENABLE_STRICT_OBJC_MSGSEND = YES;
				ENABLE_TESTABILITY = YES;
				GCC_C_LANGUAGE_STANDARD = gnu11;
				GCC_DYNAMIC_NO_PIC = NO;
				GCC_NO_COMMON_BLOCKS = YES;
				GCC_OPTIMIZATION_LEVEL = 0;
				GCC_PREPROCESSOR_DEFINITIONS = (
					"DEBUG=1",
					"$(inherited)",
				);
				GCC_WARN_64_TO_32_BIT_CONVERSION = YES;
				GCC_WARN_ABOUT_RETURN_TYPE = YES_ERROR;
				GCC_WARN_UNDECLARED_SELECTOR = YES;
				GCC_WARN_UNINITIALIZED_AUTOS = YES_AGGRESSIVE;
				GCC_WARN_UNUSED_FUNCTION = YES;
				GCC_WARN_UNUSED_VARIABLE = YES;
				IPHONEOS_DEPLOYMENT_TARGET = 11.4;
				MTL_ENABLE_DEBUG_INFO = YES;
				ONLY_ACTIVE_ARCH = YES;
				SDKROOT = iphoneos;
				SWIFT_ACTIVE_COMPILATION_CONDITIONS = DEBUG;
				SWIFT_OPTIMIZATION_LEVEL = "-Onone";
			};
			name = Debug;
		};
		B9060C752104C4B900C20BC7 /* Release */ = {
			isa = XCBuildConfiguration;
			buildSettings = {
				ALWAYS_SEARCH_USER_PATHS = NO;
				CLANG_ANALYZER_NONNULL = YES;
				CLANG_ANALYZER_NUMBER_OBJECT_CONVERSION = YES_AGGRESSIVE;
				CLANG_CXX_LANGUAGE_STANDARD = "gnu++14";
				CLANG_CXX_LIBRARY = "libc++";
				CLANG_ENABLE_MODULES = YES;
				CLANG_ENABLE_OBJC_ARC = YES;
				CLANG_ENABLE_OBJC_WEAK = YES;
				CLANG_WARN_BLOCK_CAPTURE_AUTORELEASING = YES;
				CLANG_WARN_BOOL_CONVERSION = YES;
				CLANG_WARN_COMMA = YES;
				CLANG_WARN_CONSTANT_CONVERSION = YES;
				CLANG_WARN_DEPRECATED_OBJC_IMPLEMENTATIONS = YES;
				CLANG_WARN_DIRECT_OBJC_ISA_USAGE = YES_ERROR;
				CLANG_WARN_DOCUMENTATION_COMMENTS = YES;
				CLANG_WARN_EMPTY_BODY = YES;
				CLANG_WARN_ENUM_CONVERSION = YES;
				CLANG_WARN_INFINITE_RECURSION = YES;
				CLANG_WARN_INT_CONVERSION = YES;
				CLANG_WARN_NON_LITERAL_NULL_CONVERSION = YES;
				CLANG_WARN_OBJC_IMPLICIT_RETAIN_SELF = YES;
				CLANG_WARN_OBJC_LITERAL_CONVERSION = YES;
				CLANG_WARN_OBJC_ROOT_CLASS = YES_ERROR;
				CLANG_WARN_RANGE_LOOP_ANALYSIS = YES;
				CLANG_WARN_STRICT_PROTOTYPES = YES;
				CLANG_WARN_SUSPICIOUS_MOVE = YES;
				CLANG_WARN_UNGUARDED_AVAILABILITY = YES_AGGRESSIVE;
				CLANG_WARN_UNREACHABLE_CODE = YES;
				CLANG_WARN__DUPLICATE_METHOD_MATCH = YES;
				CODE_SIGN_IDENTITY = "iPhone Developer";
				COPY_PHASE_STRIP = NO;
				DEBUG_INFORMATION_FORMAT = "dwarf-with-dsym";
				ENABLE_NS_ASSERTIONS = NO;
				ENABLE_STRICT_OBJC_MSGSEND = YES;
				GCC_C_LANGUAGE_STANDARD = gnu11;
				GCC_NO_COMMON_BLOCKS = YES;
				GCC_WARN_64_TO_32_BIT_CONVERSION = YES;
				GCC_WARN_ABOUT_RETURN_TYPE = YES_ERROR;
				GCC_WARN_UNDECLARED_SELECTOR = YES;
				GCC_WARN_UNINITIALIZED_AUTOS = YES_AGGRESSIVE;
				GCC_WARN_UNUSED_FUNCTION = YES;
				GCC_WARN_UNUSED_VARIABLE = YES;
				IPHONEOS_DEPLOYMENT_TARGET = 11.4;
				MTL_ENABLE_DEBUG_INFO = NO;
				SDKROOT = iphoneos;
				SWIFT_COMPILATION_MODE = wholemodule;
				SWIFT_OPTIMIZATION_LEVEL = "-O";
				VALIDATE_PRODUCT = YES;
			};
			name = Release;
		};
		B9060C772104C4B900C20BC7 /* Debug */ = {
			isa = XCBuildConfiguration;
			buildSettings = {
				ASSETCATALOG_COMPILER_APPICON_NAME = AppIcon;
				CODE_SIGN_STYLE = Automatic;
				DEVELOPMENT_TEAM = E8TPSF9L49;
				INFOPLIST_FILE = KRNRequestManagerExample/Info.plist;
				LD_RUNPATH_SEARCH_PATHS = (
					"$(inherited)",
					"@executable_path/Frameworks",
				);
				PRODUCT_BUNDLE_IDENTIFIER = com.julianDrapaylo.KRNRequestManagerExample;
				PRODUCT_NAME = "$(TARGET_NAME)";
				SWIFT_VERSION = 4.2;
				TARGETED_DEVICE_FAMILY = "1,2";
			};
			name = Debug;
		};
		B9060C782104C4B900C20BC7 /* Release */ = {
			isa = XCBuildConfiguration;
			buildSettings = {
				ASSETCATALOG_COMPILER_APPICON_NAME = AppIcon;
				CODE_SIGN_STYLE = Automatic;
				DEVELOPMENT_TEAM = E8TPSF9L49;
				INFOPLIST_FILE = KRNRequestManagerExample/Info.plist;
				LD_RUNPATH_SEARCH_PATHS = (
					"$(inherited)",
					"@executable_path/Frameworks",
				);
				PRODUCT_BUNDLE_IDENTIFIER = com.julianDrapaylo.KRNRequestManagerExample;
				PRODUCT_NAME = "$(TARGET_NAME)";
				SWIFT_VERSION = 4.2;
				TARGETED_DEVICE_FAMILY = "1,2";
			};
			name = Release;
		};
/* End XCBuildConfiguration section */

/* Begin XCConfigurationList section */
		B9060C5F2104C4B800C20BC7 /* Build configuration list for PBXProject "KRNRequestManagerExample" */ = {
			isa = XCConfigurationList;
			buildConfigurations = (
				B9060C742104C4B900C20BC7 /* Debug */,
				B9060C752104C4B900C20BC7 /* Release */,
			);
			defaultConfigurationIsVisible = 0;
			defaultConfigurationName = Release;
		};
		B9060C762104C4B900C20BC7 /* Build configuration list for PBXNativeTarget "KRNRequestManagerExample" */ = {
			isa = XCConfigurationList;
			buildConfigurations = (
				B9060C772104C4B900C20BC7 /* Debug */,
				B9060C782104C4B900C20BC7 /* Release */,
			);
			defaultConfigurationIsVisible = 0;
			defaultConfigurationName = Release;
		};
/* End XCConfigurationList section */
	};
	rootObject = B9060C5C2104C4B800C20BC7 /* Project object */;
}
